dependencies:
  espressif/cmake_utilities:
    component_hash: 351350613ceafba240b761b4ea991e0f231ac7a9f59a9ee901f751bddc0bb18f
    source:
      service_url: https://api.components.espressif.com/
      type: service
    version: 0.5.3
  espressif/esp-now:
    component_hash: 7355037518944af5d0ea20fe48aa0a8cf82081599b6fbd83f086ee8b39df87c1
    source:
      service_url: https://api.components.espressif.com/
      type: service
    version: 2.4.0
  idf:
    component_hash: null
    source:
      type: idf
    version: 4.4.6
  leeebo/tinyusb_src:
    component_hash: c5d4ef4332a29c7799dcdbee937d305fb48417b69d1dc30c2142c0a009d7671b
    source:
      service_url: https://api.components.espressif.com/
      type: service
    version: 0.16.0~1
manifest_hash: 54be382ae20e7f7fb4d3912921320a66d23c148fa03e1ad88e7ab2cbe5cba5d6
target: esp32s3
version: 1.0.0
