dependencies:
  espressif/cmake_utilities:
    component_hash: 351350613ceafba240b761b4ea991e0f231ac7a9f59a9ee901f751bddc0bb18f
    source:
      service_url: https://api.components.espressif.com/
      type: service
    version: 0.5.3
  espressif/esp-now:
    component_hash: 5ad630168194ad0134b28194852dda1616a1231680ef477cc6e0fc5eb5fc6233
    source:
      service_url: https://api.components.espressif.com/
      type: service
    version: 2.5.1
  idf:
    component_hash: null
    source:
      type: idf
    version: 4.4.6
  leeebo/tinyusb_src:
    component_hash: 3b0258364a1d8190106bdfb9043a82d4f8a0f9058561b7ba547f80ae7ef61045
    source:
      service_url: https://api.components.espressif.com/
      type: service
    version: 0.16.0~3
manifest_hash: 184216e99fcdda34b540d302458e0f82f6f8b938c7bac0f138e740f2de28189d
target: esp32s3
version: 1.0.0
